
Microsoft Visual Studio Solution File, Format Version 12.00
# Visual Studio Version 16
VisualStudioVersion = 16.0.30711.63
MinimumVisualStudioVersion = 10.0.40219.1
Project("{FAE04EC0-301F-11D3-BF4B-00C04F79EFBC}") = "ConsoleChallenge1", "..\ConsoleChallenge1\ConsoleChallenge1.csproj", "{F7D427E9-699C-4C41-B1C7-9E70AB5FC64B}"
EndProject
Project("{FAE04EC0-301F-11D3-BF4B-00C04F79EFBC}") = "ConsoleChallenge1_Tests", "..\ConsoleChallenge1_Tests\ConsoleChallenge1_Tests.csproj", "{E405722B-93C3-4C2D-8918-A0BAA8CEE8B8}"
EndProject
Project("{FAE04EC0-301F-11D3-BF4B-00C04F79EFBC}") = "ConsoleChallenge2_repo", "..\ConsoleChallenge2_repo\ConsoleChallenge2_repo.csproj", "{CFFBE7CA-B1C2-44D6-9C21-B05E7F902851}"
EndProject
Project("{FAE04EC0-301F-11D3-BF4B-00C04F79EFBC}") = "ConsoleChallenge2", "..\ConsoleChallenge2\ConsoleChallenge2.csproj", "{0991245B-589E-4015-93BB-E5D293B3D087}"
EndProject
Global
	GlobalSection(SolutionConfigurationPlatforms) = preSolution
		Debug|Any CPU = Debug|Any CPU
		Release|Any CPU = Release|Any CPU
	EndGlobalSection
	GlobalSection(ProjectConfigurationPlatforms) = postSolution
		{F7D427E9-699C-4C41-B1C7-9E70AB5FC64B}.Debug|Any CPU.ActiveCfg = Debug|Any CPU
		{F7D427E9-699C-4C41-B1C7-9E70AB5FC64B}.Debug|Any CPU.Build.0 = Debug|Any CPU
		{F7D427E9-699C-4C41-B1C7-9E70AB5FC64B}.Release|Any CPU.ActiveCfg = Release|Any CPU
		{F7D427E9-699C-4C41-B1C7-9E70AB5FC64B}.Release|Any CPU.Build.0 = Release|Any CPU
		{E405722B-93C3-4C2D-8918-A0BAA8CEE8B8}.Debug|Any CPU.ActiveCfg = Debug|Any CPU
		{E405722B-93C3-4C2D-8918-A0BAA8CEE8B8}.Debug|Any CPU.Build.0 = Debug|Any CPU
		{E405722B-93C3-4C2D-8918-A0BAA8CEE8B8}.Release|Any CPU.ActiveCfg = Release|Any CPU
		{E405722B-93C3-4C2D-8918-A0BAA8CEE8B8}.Release|Any CPU.Build.0 = Release|Any CPU
		{CFFBE7CA-B1C2-44D6-9C21-B05E7F902851}.Debug|Any CPU.ActiveCfg = Debug|Any CPU
		{CFFBE7CA-B1C2-44D6-9C21-B05E7F902851}.Debug|Any CPU.Build.0 = Debug|Any CPU
		{CFFBE7CA-B1C2-44D6-9C21-B05E7F902851}.Release|Any CPU.ActiveCfg = Release|Any CPU
		{CFFBE7CA-B1C2-44D6-9C21-B05E7F902851}.Release|Any CPU.Build.0 = Release|Any CPU
		{0991245B-589E-4015-93BB-E5D293B3D087}.Debug|Any CPU.ActiveCfg = Debug|Any CPU
		{0991245B-589E-4015-93BB-E5D293B3D087}.Debug|Any CPU.Build.0 = Debug|Any CPU
		{0991245B-589E-4015-93BB-E5D293B3D087}.Release|Any CPU.ActiveCfg = Release|Any CPU
		{0991245B-589E-4015-93BB-E5D293B3D087}.Release|Any CPU.Build.0 = Release|Any CPU
	EndGlobalSection
	GlobalSection(SolutionProperties) = preSolution
		HideSolutionNode = FALSE
	EndGlobalSection
	GlobalSection(ExtensibilityGlobals) = postSolution
		SolutionGuid = {E0796050-946C-4899-9EF6-D6C5767FCB1C}
	EndGlobalSection
EndGlobal
